
Microsoft Visual Studio Solution File, Format Version 12.00
# Visual Studio Version 16
VisualStudioVersion = 16.0.31729.503
MinimumVisualStudioVersion = 10.0.40219.1
Project("{FAE04EC0-301F-11D3-BF4B-00C04F79EFBC}") = "Practic3", "Practic3\Practic3.csproj", "{A332D9DB-580D-4E86-9373-502E4C648F47}"
EndProject
Global
	GlobalSection(SolutionConfigurationPlatforms) = preSolution
		Debug|Any CPU = Debug|Any CPU
		Release|Any CPU = Release|Any CPU
	EndGlobalSection
	GlobalSection(ProjectConfigurationPlatforms) = postSolution
		{A332D9DB-580D-4E86-9373-502E4C648F47}.Debug|Any CPU.ActiveCfg = Debug|Any CPU
		{A332D9DB-580D-4E86-9373-502E4C648F47}.Debug|Any CPU.Build.0 = Debug|Any CPU
		{A332D9DB-580D-4E86-9373-502E4C648F47}.Release|Any CPU.ActiveCfg = Release|Any CPU
		{A332D9DB-580D-4E86-9373-502E4C648F47}.Release|Any CPU.Build.0 = Release|Any CPU
	EndGlobalSection
	GlobalSection(SolutionProperties) = preSolution
		HideSolutionNode = FALSE
	EndGlobalSection
	GlobalSection(ExtensibilityGlobals) = postSolution
		SolutionGuid = {FC0FE5B6-08B3-4CFF-8FFA-DBD2DAC2A424}
	EndGlobalSection
EndGlobal
